
Microsoft Visual Studio Solution File, Format Version 12.00
# Visual Studio Version 17
VisualStudioVersion = 17.12.35527.113
MinimumVisualStudioVersion = 10.0.40219.1
Project("{FAE04EC0-301F-11D3-BF4B-00C04F79EFBC}") = "BC.Service.Exam", "BC.Service.Exam\BC.Service.Exam.csproj", "{5C2A154D-F50C-4CED-8BA3-73050A54FF3A}"
EndProject
Project("{FAE04EC0-301F-11D3-BF4B-00C04F79EFBC}") = "BC.Service.Exam.UnitTests", "BC.Service.Exam.UnitTests\BC.Service.Exam.UnitTests.csproj", "{B3BBAC98-730A-4A9F-9462-A7700DE26D2B}"
EndProject
Project("{FAE04EC0-301F-11D3-BF4B-00C04F79EFBC}") = "BC.Service.Exam.IntegrationTests", "BC.Service.Exam.IntegrationTests\BC.Service.Exam.IntegrationTests.csproj", "{3EFF4AAC-868D-45E1-9C1A-DA679A7EB18D}"
EndProject
Global
	GlobalSection(SolutionConfigurationPlatforms) = preSolution
		Debug|Any CPU = Debug|Any CPU
		Release|Any CPU = Release|Any CPU
	EndGlobalSection
	GlobalSection(ProjectConfigurationPlatforms) = postSolution
		{5C2A154D-F50C-4CED-8BA3-73050A54FF3A}.Debug|Any CPU.ActiveCfg = Debug|Any CPU
		{5C2A154D-F50C-4CED-8BA3-73050A54FF3A}.Debug|Any CPU.Build.0 = Debug|Any CPU
		{5C2A154D-F50C-4CED-8BA3-73050A54FF3A}.Release|Any CPU.ActiveCfg = Release|Any CPU
		{5C2A154D-F50C-4CED-8BA3-73050A54FF3A}.Release|Any CPU.Build.0 = Release|Any CPU
		{B3BBAC98-730A-4A9F-9462-A7700DE26D2B}.Debug|Any CPU.ActiveCfg = Debug|Any CPU
		{B3BBAC98-730A-4A9F-9462-A7700DE26D2B}.Debug|Any CPU.Build.0 = Debug|Any CPU
		{B3BBAC98-730A-4A9F-9462-A7700DE26D2B}.Release|Any CPU.ActiveCfg = Release|Any CPU
		{B3BBAC98-730A-4A9F-9462-A7700DE26D2B}.Release|Any CPU.Build.0 = Release|Any CPU
		{3EFF4AAC-868D-45E1-9C1A-DA679A7EB18D}.Debug|Any CPU.ActiveCfg = Debug|Any CPU
		{3EFF4AAC-868D-45E1-9C1A-DA679A7EB18D}.Debug|Any CPU.Build.0 = Debug|Any CPU
		{3EFF4AAC-868D-45E1-9C1A-DA679A7EB18D}.Release|Any CPU.ActiveCfg = Release|Any CPU
		{3EFF4AAC-868D-45E1-9C1A-DA679A7EB18D}.Release|Any CPU.Build.0 = Release|Any CPU
	EndGlobalSection
	GlobalSection(SolutionProperties) = preSolution
		HideSolutionNode = FALSE
	EndGlobalSection
EndGlobal
